
Microsoft Visual Studio Solution File, Format Version 12.00
# Visual Studio Version 17
VisualStudioVersion = 17.7.34221.43
MinimumVisualStudioVersion = 10.0.40219.1
Project("{FAE04EC0-301F-11D3-BF4B-00C04F79EFBC}") = "api", "api.csproj", "{6E579BE2-62F9-4FBF-8013-E80E1B5987DD}"
EndProject
Global
	GlobalSection(SolutionConfigurationPlatforms) = preSolution
		Debug|Any CPU = Debug|Any CPU
		Release|Any CPU = Release|Any CPU
	EndGlobalSection
	GlobalSection(ProjectConfigurationPlatforms) = postSolution
		{6E579BE2-62F9-4FBF-8013-E80E1B5987DD}.Debug|Any CPU.ActiveCfg = Debug|Any CPU
		{6E579BE2-62F9-4FBF-8013-E80E1B5987DD}.Debug|Any CPU.Build.0 = Debug|Any CPU
		{6E579BE2-62F9-4FBF-8013-E80E1B5987DD}.Release|Any CPU.ActiveCfg = Release|Any CPU
		{6E579BE2-62F9-4FBF-8013-E80E1B5987DD}.Release|Any CPU.Build.0 = Release|Any CPU
	EndGlobalSection
	GlobalSection(SolutionProperties) = preSolution
		HideSolutionNode = FALSE
	EndGlobalSection
	GlobalSection(ExtensibilityGlobals) = postSolution
		SolutionGuid = {392E8C2D-036F-429A-98AD-3C1F60DB99DE}
	EndGlobalSection
EndGlobal
